
Microsoft Visual Studio Solution File, Format Version 12.00
# Visual Studio Version 17
VisualStudioVersion = 17.10.35027.167
MinimumVisualStudioVersion = 10.0.40219.1
Project("{FAE04EC0-301F-11D3-BF4B-00C04F79EFBC}") = "TrabalhoProgVisual", "TrabalhoProgVisual.csproj", "{ED9127F8-4441-4796-9DAE-8D5A637C51AD}"
EndProject
Global
	GlobalSection(SolutionConfigurationPlatforms) = preSolution
		Debug|Any CPU = Debug|Any CPU
		Release|Any CPU = Release|Any CPU
	EndGlobalSection
	GlobalSection(ProjectConfigurationPlatforms) = postSolution
		{ED9127F8-4441-4796-9DAE-8D5A637C51AD}.Debug|Any CPU.ActiveCfg = Debug|Any CPU
		{ED9127F8-4441-4796-9DAE-8D5A637C51AD}.Debug|Any CPU.Build.0 = Debug|Any CPU
		{ED9127F8-4441-4796-9DAE-8D5A637C51AD}.Release|Any CPU.ActiveCfg = Release|Any CPU
		{ED9127F8-4441-4796-9DAE-8D5A637C51AD}.Release|Any CPU.Build.0 = Release|Any CPU
	EndGlobalSection
	GlobalSection(SolutionProperties) = preSolution
		HideSolutionNode = FALSE
	EndGlobalSection
	GlobalSection(ExtensibilityGlobals) = postSolution
		SolutionGuid = {7275E702-4E09-4D96-8811-FCD2555F1B54}
	EndGlobalSection
EndGlobal
